
Microsoft Visual Studio Solution File, Format Version 12.00
# Visual Studio 15
VisualStudioVersion = 15.0.27428.2002
MinimumVisualStudioVersion = 10.0.40219.1
Project("{FAE04EC0-301F-11D3-BF4B-00C04F79EFBC}") = "MovieLibraryApplication", "MovieLibraryApplication\MovieLibraryApplication.csproj", "{CF59F0C0-0D46-4FBA-BCFD-29EA84F35526}"
EndProject
Global
	GlobalSection(SolutionConfigurationPlatforms) = preSolution
		Debug|Any CPU = Debug|Any CPU
		Release|Any CPU = Release|Any CPU
	EndGlobalSection
	GlobalSection(ProjectConfigurationPlatforms) = postSolution
		{CF59F0C0-0D46-4FBA-BCFD-29EA84F35526}.Debug|Any CPU.ActiveCfg = Debug|Any CPU
		{CF59F0C0-0D46-4FBA-BCFD-29EA84F35526}.Debug|Any CPU.Build.0 = Debug|Any CPU
		{CF59F0C0-0D46-4FBA-BCFD-29EA84F35526}.Release|Any CPU.ActiveCfg = Release|Any CPU
		{CF59F0C0-0D46-4FBA-BCFD-29EA84F35526}.Release|Any CPU.Build.0 = Release|Any CPU
	EndGlobalSection
	GlobalSection(SolutionProperties) = preSolution
		HideSolutionNode = FALSE
	EndGlobalSection
	GlobalSection(ExtensibilityGlobals) = postSolution
		SolutionGuid = {342BC3B4-B985-46B5-830D-98F1F8B2283F}
	EndGlobalSection
EndGlobal
